
Microsoft Visual Studio Solution File, Format Version 12.00
# Visual Studio Version 16
VisualStudioVersion = 16.0.30406.217
MinimumVisualStudioVersion = 10.0.40219.1
Project("{FAE04EC0-301F-11D3-BF4B-00C04F79EFBC}") = "EnhancedPainter", "EnhancedPainter\EnhancedPainter.csproj", "{618EFD4C-E530-48F0-BC0F-B86AFED3EF10}"
EndProject
Global
	GlobalSection(SolutionConfigurationPlatforms) = preSolution
		Debug|Any CPU = Debug|Any CPU
		Release|Any CPU = Release|Any CPU
	EndGlobalSection
	GlobalSection(ProjectConfigurationPlatforms) = postSolution
		{618EFD4C-E530-48F0-BC0F-B86AFED3EF10}.Debug|Any CPU.ActiveCfg = Debug|Any CPU
		{618EFD4C-E530-48F0-BC0F-B86AFED3EF10}.Debug|Any CPU.Build.0 = Debug|Any CPU
		{618EFD4C-E530-48F0-BC0F-B86AFED3EF10}.Release|Any CPU.ActiveCfg = Release|Any CPU
		{618EFD4C-E530-48F0-BC0F-B86AFED3EF10}.Release|Any CPU.Build.0 = Release|Any CPU
	EndGlobalSection
	GlobalSection(SolutionProperties) = preSolution
		HideSolutionNode = FALSE
	EndGlobalSection
	GlobalSection(ExtensibilityGlobals) = postSolution
		SolutionGuid = {F70874D0-DCD9-4D70-BD31-1BDDFE03BAF7}
	EndGlobalSection
EndGlobal
